{
  "object": {
    "pins": [
      {
        "package": "Archivable",
        "repositoryURL": "https://github.com/archivable/package.git",
        "state": {
          "branch": "main",
          "revision": "a4300df34978f7072aeb75009d15f13181142284",
          "version": null
        }
      }
    ]
  },
  "version": 1
}
